
Microsoft Visual Studio Solution File, Format Version 12.00
# Visual Studio Version 16
VisualStudioVersion = 16.0.33927.289
MinimumVisualStudioVersion = 10.0.40219.1
Project("{FAE04EC0-301F-11D3-BF4B-00C04F79EFBC}") = "Torre de hanoi", "Torre de hanoi\Torre de hanoi.csproj", "{084EBFC6-38E6-4E00-AA8F-F8EB5BE69889}"
EndProject
Global
	GlobalSection(SolutionConfigurationPlatforms) = preSolution
		Debug|Any CPU = Debug|Any CPU
		Release|Any CPU = Release|Any CPU
	EndGlobalSection
	GlobalSection(ProjectConfigurationPlatforms) = postSolution
		{084EBFC6-38E6-4E00-AA8F-F8EB5BE69889}.Debug|Any CPU.ActiveCfg = Debug|Any CPU
		{084EBFC6-38E6-4E00-AA8F-F8EB5BE69889}.Debug|Any CPU.Build.0 = Debug|Any CPU
		{084EBFC6-38E6-4E00-AA8F-F8EB5BE69889}.Release|Any CPU.ActiveCfg = Release|Any CPU
		{084EBFC6-38E6-4E00-AA8F-F8EB5BE69889}.Release|Any CPU.Build.0 = Release|Any CPU
	EndGlobalSection
	GlobalSection(SolutionProperties) = preSolution
		HideSolutionNode = FALSE
	EndGlobalSection
	GlobalSection(ExtensibilityGlobals) = postSolution
		SolutionGuid = {575E1F60-ABE5-465A-9FE7-D386CC4989F3}
	EndGlobalSection
EndGlobal
